<?xml version="1.0" encoding="utf-8"?>
<Project ToolsVersion="4.0" xmlns="http://schemas.microsoft.com/developer/msbuild/2003">
  <ItemGroup>
    <Filter Include="Source Files">
      <UniqueIdentifier>{41b42303-e4d9-4d28-91ee-b881d7f67802}</UniqueIdentifier>
      <Extensions>cpp;c;cxx;rc;def;r;odl;idl;hpj;bat</Extensions>
    </Filter>
    <Filter Include="Header Files">
      <UniqueIdentifier>{6df48253-6d4f-4b5c-b582-e244a5a771c5}</UniqueIdentifier>
      <Extensions>h;hpp;hxx;hm;inl</Extensions>
    </Filter>
    <Filter Include="Resource Files">
      <UniqueIdentifier>{75be1ad1-d5fd-43e9-a89e-9afca313fda0}</UniqueIdentifier>
      <Extensions>ico;cur;bmp;dlg;rc2;rct;bin;rgs;gif;jpg;jpeg;jpe</Extensions>
    </Filter>
    <Filter Include="ppm">
      <UniqueIdentifier>{a7a0052d-179d-4570-93ab-c74f50522caa}</UniqueIdentifier>
    </Filter>
  </ItemGroup>
  <ItemGroup>
    <ClCompile Include="ply.cpp">
      <Filter>Source Files</Filter>
    </ClCompile>
    <ClCompile Include="tmatrix.cpp">
      <Filter>Source Files</Filter>
    </ClCompile>
    <ClCompile Include="trackball.cpp">
      <Filter>Source Files</Filter>
    </ClCompile>
    <ClCompile Include="polyhedron.cpp">
      <Filter>Source Files</Filter>
    </ClCompile>
    <ClCompile Include="learnply.cpp">
      <Filter>Source Files</Filter>
    </ClCompile>
    <ClCompile Include="ppm.cpp">
      <Filter>ppm</Filter>
    </ClCompile>
  </ItemGroup>
  <ItemGroup>
    <ClInclude Include="icMatrix.H">
      <Filter>Header Files</Filter>
    </ClInclude>
    <ClInclude Include="icVector.H">
      <Filter>Header Files</Filter>
    </ClInclude>
    <ClInclude Include="ply.h">
      <Filter>Header Files</Filter>
    </ClInclude>
    <ClInclude Include="tmatrix.h">
      <Filter>Header Files</Filter>
    </ClInclude>
    <ClInclude Include="trackball.h">
      <Filter>Header Files</Filter>
    </ClInclude>
    <ClInclude Include="ply_io.h">
      <Filter>Header Files</Filter>
    </ClInclude>
    <ClInclude Include="polyhedron.h">
      <Filter>Header Files</Filter>
    </ClInclude>
    <ClInclude Include="glError.h">
      <Filter>Header Files</Filter>
    </ClInclude>
    <ClInclude Include="polyline.h">
      <Filter>Header Files</Filter>
    </ClInclude>
    <ClInclude Include="drawUtil.h">
      <Filter>Header Files</Filter>
    </ClInclude>
    <ClInclude Include="Poliline.h">
      <Filter>Header Files</Filter>
    </ClInclude>
    <ClInclude Include="ppm.h">
      <Filter>ppm</Filter>
    </ClInclude>
  </ItemGroup>
</Project>